
Microsoft Visual Studio Solution File, Format Version 12.00
# Visual Studio Version 17
VisualStudioVersion = 17.4.33122.133
MinimumVisualStudioVersion = 10.0.40219.1
Project("{FAE04EC0-301F-11D3-BF4B-00C04F79EFBC}") = "QuanLy_PhanMemBanPKDT", "DoAn1_QuanLyPhanMemBanPKDT\QuanLy_PhanMemBanPKDT.csproj", "{0DD99241-56E2-4E12-8EEE-ECB9367BB83E}"
EndProject
Global
	GlobalSection(SolutionConfigurationPlatforms) = preSolution
		Debug|Any CPU = Debug|Any CPU
		Release|Any CPU = Release|Any CPU
	EndGlobalSection
	GlobalSection(ProjectConfigurationPlatforms) = postSolution
		{0DD99241-56E2-4E12-8EEE-ECB9367BB83E}.Debug|Any CPU.ActiveCfg = Debug|Any CPU
		{0DD99241-56E2-4E12-8EEE-ECB9367BB83E}.Debug|Any CPU.Build.0 = Debug|Any CPU
		{0DD99241-56E2-4E12-8EEE-ECB9367BB83E}.Release|Any CPU.ActiveCfg = Release|Any CPU
		{0DD99241-56E2-4E12-8EEE-ECB9367BB83E}.Release|Any CPU.Build.0 = Release|Any CPU
	EndGlobalSection
	GlobalSection(SolutionProperties) = preSolution
		HideSolutionNode = FALSE
	EndGlobalSection
	GlobalSection(ExtensibilityGlobals) = postSolution
		SolutionGuid = {2D0CFB64-D8A9-453B-9943-54B4489EC0E3}
	EndGlobalSection
EndGlobal
